
Microsoft Visual Studio Solution File, Format Version 12.00
# Visual Studio Version 16
VisualStudioVersion = 16.0.29306.81
MinimumVisualStudioVersion = 10.0.40219.1
Project("{FAE04EC0-301F-11D3-BF4B-00C04F79EFBC}") = "MTestCommTemp", "MTestCommTemp\MTestCommTemp.csproj", "{0F2AD233-0F90-402E-B078-9701F21D71D6}"
EndProject
Global
	GlobalSection(SolutionConfigurationPlatforms) = preSolution
		Debug|Any CPU = Debug|Any CPU
		Release|Any CPU = Release|Any CPU
	EndGlobalSection
	GlobalSection(ProjectConfigurationPlatforms) = postSolution
		{0F2AD233-0F90-402E-B078-9701F21D71D6}.Debug|Any CPU.ActiveCfg = Debug|Any CPU
		{0F2AD233-0F90-402E-B078-9701F21D71D6}.Debug|Any CPU.Build.0 = Debug|Any CPU
		{0F2AD233-0F90-402E-B078-9701F21D71D6}.Release|Any CPU.ActiveCfg = Release|Any CPU
		{0F2AD233-0F90-402E-B078-9701F21D71D6}.Release|Any CPU.Build.0 = Release|Any CPU
	EndGlobalSection
	GlobalSection(SolutionProperties) = preSolution
		HideSolutionNode = FALSE
	EndGlobalSection
	GlobalSection(ExtensibilityGlobals) = postSolution
		SolutionGuid = {6C4F22A4-201B-4797-8E10-63E2D409E55C}
	EndGlobalSection
EndGlobal
